
Microsoft Visual Studio Solution File, Format Version 12.00
# Visual Studio Version 16
VisualStudioVersion = 16.0.30104.148
MinimumVisualStudioVersion = 10.0.40219.1
Project("{FAE04EC0-301F-11D3-BF4B-00C04F79EFBC}") = "начало2", "начало2.csproj", "{101557C5-8318-42F2-9425-D689586E9871}"
EndProject
Global
	GlobalSection(SolutionConfigurationPlatforms) = preSolution
		Debug|Any CPU = Debug|Any CPU
		Release|Any CPU = Release|Any CPU
	EndGlobalSection
	GlobalSection(ProjectConfigurationPlatforms) = postSolution
		{101557C5-8318-42F2-9425-D689586E9871}.Debug|Any CPU.ActiveCfg = Debug|Any CPU
		{101557C5-8318-42F2-9425-D689586E9871}.Debug|Any CPU.Build.0 = Debug|Any CPU
		{101557C5-8318-42F2-9425-D689586E9871}.Release|Any CPU.ActiveCfg = Release|Any CPU
		{101557C5-8318-42F2-9425-D689586E9871}.Release|Any CPU.Build.0 = Release|Any CPU
	EndGlobalSection
	GlobalSection(SolutionProperties) = preSolution
		HideSolutionNode = FALSE
	EndGlobalSection
	GlobalSection(ExtensibilityGlobals) = postSolution
		SolutionGuid = {146391CD-E4C1-42BE-90D9-A84F6AF56204}
	EndGlobalSection
EndGlobal
